{
  "nodes": {
    "flake-utils": {
      "locked": {
        "lastModified": 1644229661,
        "narHash": "sha256-1YdnJAsNy69bpcjuoKdOYQX0YxZBiCYZo4Twxerqv7k=",
        "owner": "numtide",
        "repo": "flake-utils",
        "rev": "3cecb5b042f7f209c56ffd8371b2711a290ec797",
        "type": "github"
      },
      "original": {
        "owner": "numtide",
        "repo": "flake-utils",
        "type": "github"
      }
    },
    "flake-utils_2": {
      "locked": {
        "lastModified": 1631561581,
        "narHash": "sha256-3VQMV5zvxaVLvqqUrNz3iJelLw30mIVSfZmAaauM3dA=",
        "owner": "numtide",
        "repo": "flake-utils",
        "rev": "7e5bf3925f6fbdfaf50a2a7ca0be2879c4261d19",
        "type": "github"
      },
      "original": {
        "owner": "numtide",
        "repo": "flake-utils",
        "type": "github"
      }
    },
    "nixpkgs": {
      "locked": {
        "lastModified": 1644273500,
        "narHash": "sha256-Bs6d4ua5IEE5xxSfQeRrCO2kwsvI6jABKD4RC6FbZxw=",
        "owner": "NixOS",
        "repo": "nixpkgs",
        "rev": "dced374d15ef909863720894ec82b50e8b1a5d12",
        "type": "github"
      },
      "original": {
        "owner": "NixOS",
        "repo": "nixpkgs",
        "type": "github"
      }
    },
    "nixpkgs_2": {
      "locked": {
        "lastModified": 1634066093,
        "narHash": "sha256-3tj0IcRF0bfPdyavfALuo9QADLNodU/xUSC06HeetAI=",
        "owner": "nixos",
        "repo": "nixpkgs",
        "rev": "e972bf9958d91184d1e68839a6fd352ece242cff",
        "type": "github"
      },
      "original": {
        "owner": "nixos",
        "repo": "nixpkgs",
        "type": "github"
      }
    },
    "root": {
      "inputs": {
        "flake-utils": "flake-utils",
        "nixpkgs": "nixpkgs",
        "rucausal": "rucausal"
      }
    },
    "rucausal": {
      "inputs": {
        "flake-utils": "flake-utils_2",
        "nixpkgs": "nixpkgs_2"
      },
      "locked": {
        "lastModified": 1637178755,
        "narHash": "sha256-cM2wYWRYr13qZL1ueR0SuaCN8ASvryZ2BD0QfqigVs0=",
        "ref": "nix",
        "rev": "2263fdaa2097d321a6ff84a0a9d09c59f61f4077",
        "revCount": 129,
        "type": "git",
        "url": "file:///home/daan/code/uni/thesis/bccd"
      },
      "original": {
        "type": "git",
        "url": "file:///home/daan/code/uni/thesis/bccd"
      }
    }
  },
  "root": "root",
  "version": 7
}
